
Microsoft Visual Studio Solution File, Format Version 12.00
# Visual Studio Version 17
VisualStudioVersion = 17.11.35312.102
MinimumVisualStudioVersion = 10.0.40219.1
Project("{FAE04EC0-301F-11D3-BF4B-00C04F79EFBC}") = "Advent Of Code 2024", "Advent Of Code 2024\Advent Of Code 2024.csproj", "{34B53BEC-D2F8-417B-9752-79E0895F6703}"
EndProject
Global
	GlobalSection(SolutionConfigurationPlatforms) = preSolution
		Debug|Any CPU = Debug|Any CPU
		Release|Any CPU = Release|Any CPU
	EndGlobalSection
	GlobalSection(ProjectConfigurationPlatforms) = postSolution
		{34B53BEC-D2F8-417B-9752-79E0895F6703}.Debug|Any CPU.ActiveCfg = Debug|Any CPU
		{34B53BEC-D2F8-417B-9752-79E0895F6703}.Debug|Any CPU.Build.0 = Debug|Any CPU
		{34B53BEC-D2F8-417B-9752-79E0895F6703}.Release|Any CPU.ActiveCfg = Release|Any CPU
		{34B53BEC-D2F8-417B-9752-79E0895F6703}.Release|Any CPU.Build.0 = Release|Any CPU
	EndGlobalSection
	GlobalSection(SolutionProperties) = preSolution
		HideSolutionNode = FALSE
	EndGlobalSection
	GlobalSection(ExtensibilityGlobals) = postSolution
		SolutionGuid = {8BB5AE42-D438-4BC4-9908-1B7DE2F97784}
	EndGlobalSection
EndGlobal
